
Microsoft Visual Studio Solution File, Format Version 12.00
# Visual Studio Version 17
VisualStudioVersion = 17.3.32819.101
MinimumVisualStudioVersion = 10.0.40219.1
Project("{FAE04EC0-301F-11D3-BF4B-00C04F79EFBC}") = "Responsi_Resiyanda", "Responsi_Resiyanda\Responsi_Resiyanda.csproj", "{F1754E1F-B04C-47B1-B506-44BD30898D38}"
EndProject
Global
	GlobalSection(SolutionConfigurationPlatforms) = preSolution
		Debug|Any CPU = Debug|Any CPU
		Release|Any CPU = Release|Any CPU
	EndGlobalSection
	GlobalSection(ProjectConfigurationPlatforms) = postSolution
		{F1754E1F-B04C-47B1-B506-44BD30898D38}.Debug|Any CPU.ActiveCfg = Debug|Any CPU
		{F1754E1F-B04C-47B1-B506-44BD30898D38}.Debug|Any CPU.Build.0 = Debug|Any CPU
		{F1754E1F-B04C-47B1-B506-44BD30898D38}.Release|Any CPU.ActiveCfg = Release|Any CPU
		{F1754E1F-B04C-47B1-B506-44BD30898D38}.Release|Any CPU.Build.0 = Release|Any CPU
	EndGlobalSection
	GlobalSection(SolutionProperties) = preSolution
		HideSolutionNode = FALSE
	EndGlobalSection
	GlobalSection(ExtensibilityGlobals) = postSolution
		SolutionGuid = {C7D9252A-1487-4B58-991F-EF97B42D2B12}
	EndGlobalSection
EndGlobal
